
Microsoft Visual Studio Solution File, Format Version 12.00
# Visual Studio Version 16
VisualStudioVersion = 16.0.29020.237
MinimumVisualStudioVersion = 10.0.40219.1
Project("{FAE04EC0-301F-11D3-BF4B-00C04F79EFBC}") = "gmail store", "gmail store\gmail store.csproj", "{96674722-4CB4-409E-B638-1E5653E859D1}"
EndProject
Global
	GlobalSection(SolutionConfigurationPlatforms) = preSolution
		Debug|Any CPU = Debug|Any CPU
		Release|Any CPU = Release|Any CPU
	EndGlobalSection
	GlobalSection(ProjectConfigurationPlatforms) = postSolution
		{96674722-4CB4-409E-B638-1E5653E859D1}.Debug|Any CPU.ActiveCfg = Debug|Any CPU
		{96674722-4CB4-409E-B638-1E5653E859D1}.Debug|Any CPU.Build.0 = Debug|Any CPU
		{96674722-4CB4-409E-B638-1E5653E859D1}.Release|Any CPU.ActiveCfg = Release|Any CPU
		{96674722-4CB4-409E-B638-1E5653E859D1}.Release|Any CPU.Build.0 = Release|Any CPU
	EndGlobalSection
	GlobalSection(SolutionProperties) = preSolution
		HideSolutionNode = FALSE
	EndGlobalSection
	GlobalSection(ExtensibilityGlobals) = postSolution
		SolutionGuid = {31866CDA-6841-4973-BFB2-80BB8156C89C}
	EndGlobalSection
EndGlobal
